{
    "name": "jsx-demo",
    "version": "0.0.1",
    "lockfileVersion": 1,
    "requires": true,
    "dependencies": {
        "@types/jquery": {
            "version": "2.0.56",
            "resolved": "https://registry.npmjs.org/@types/jquery/-/jquery-2.0.56.tgz",
            "integrity": "sha512-tcNulMBr4fuMeBhwrRNQw3JaWg7vXP9bi64nKM5qYbaIN/oyo4n9O4TG5Thyn1BmhH159XvDxD4y3kqqpYS4sg==",
            "dev": true
        },
        "@types/react": {
            "version": "15.7.0",
            "resolved": "https://registry.npmjs.org/@types/react/-/react-15.7.0.tgz",
            "integrity": "sha512-fROvMBKisHbCUGMRXqAVAhZeehNQkeLYRZW/PhYI+Ahd+HdC1DWNWktiFYUy44Iys7qvBo7O8J5UNneWEVxAQw==",
            "dev": true
        },
        "@types/react-dom": {
            "version": "15.5.12",
            "resolved": "https://registry.npmjs.org/@types/react-dom/-/react-dom-15.5.12.tgz",
            "integrity": "sha512-Em6KxsTfKdzGfgeuOmMQDjtOBCv6vf6yBCCK1K6jqc4cKrh0To0gIULkP6Wv3mI72a7iN5jPHH05LWUdMPuA+w==",
            "dev": true,
            "requires": {
                "@types/react": "^15"
            }
        },
        "asap": {
            "version": "2.0.6",
            "resolved": "https://registry.npmjs.org/asap/-/asap-2.0.6.tgz",
            "integrity": "sha1-5QNHYR1+aQlDIIu9r+vLwvuGbUY="
        },
        "async": {
            "version": "0.9.0",
            "resolved": "https://registry.npmjs.org/async/-/async-0.9.0.tgz",
            "integrity": "sha1-rDYTsdqb7RtHUQu0ZRuJMeRxRsc=",
            "dev": true
        },
        "colors": {
            "version": "1.0.3",
            "resolved": "https://registry.npmjs.org/colors/-/colors-1.0.3.tgz",
            "integrity": "sha1-BDP0TYCWgP3rYO0mDxsMJi6CpAs=",
            "dev": true
        },
        "core-js": {
            "version": "1.2.7",
            "resolved": "https://registry.npmjs.org/core-js/-/core-js-1.2.7.tgz",
            "integrity": "sha1-ZSKUwUZR2yj6k70tX/KYOk8IxjY="
        },
        "corser": {
            "version": "2.0.1",
            "resolved": "https://registry.npmjs.org/corser/-/corser-2.0.1.tgz",
            "integrity": "sha1-jtolLsqrWEDc2XXOuQ2TcMgZ/4c=",
            "dev": true
        },
        "create-react-class": {
            "version": "15.7.0",
            "resolved": "https://registry.npmjs.org/create-react-class/-/create-react-class-15.7.0.tgz",
            "integrity": "sha512-QZv4sFWG9S5RUvkTYWbflxeZX+JG7Cz0Tn33rQBJ+WFQTqTfUTjMjiv9tnfXazjsO5r0KhPs+AqCjyrQX6h2ng==",
            "requires": {
                "loose-envify": "^1.3.1",
                "object-assign": "^4.1.1"
            }
        },
        "ecstatic": {
            "version": "0.7.6",
            "resolved": "https://registry.npmjs.org/ecstatic/-/ecstatic-0.7.6.tgz",
            "integrity": "sha1-y6KqvqRrjNl/AWCFlxO3DSjmoCI=",
            "dev": true,
            "requires": {
                "he": "^0.5.0",
                "mime": "^1.2.11",
                "minimist": "^1.1.0",
                "url-join": "0.0.1"
            }
        },
        "encoding": {
            "version": "0.1.13",
            "resolved": "https://registry.npmjs.org/encoding/-/encoding-0.1.13.tgz",
            "integrity": "sha512-ETBauow1T35Y/WZMkio9jiM0Z5xjHHmJ4XmjZOq1l/dXz3lr2sRn87nJy20RupqSh1F2m3HHPSp8ShIPQJrJ3A==",
            "requires": {
                "iconv-lite": "^0.6.2"
            }
        },
        "eventemitter3": {
            "version": "4.0.7",
            "resolved": "https://registry.npmjs.org/eventemitter3/-/eventemitter3-4.0.7.tgz",
            "integrity": "sha512-8guHBZCwKnFhYdHr2ysuRWErTwhoN2X8XELRlrRwpmfeY2jjuUN4taQMsULKUVo1K4DvZl+0pgfyoysHxvmvEw==",
            "dev": true
        },
        "fbjs": {
            "version": "0.8.17",
            "resolved": "https://registry.npmjs.org/fbjs/-/fbjs-0.8.17.tgz",
            "integrity": "sha1-xNWY6taUkRJlPWWIsBpc3Nn5D90=",
            "requires": {
                "core-js": "^1.0.0",
                "isomorphic-fetch": "^2.1.1",
                "loose-envify": "^1.0.0",
                "object-assign": "^4.1.0",
                "promise": "^7.1.1",
                "setimmediate": "^1.0.5",
                "ua-parser-js": "^0.7.18"
            }
        },
        "follow-redirects": {
            "version": "1.13.1",
            "resolved": "https://registry.npmjs.org/follow-redirects/-/follow-redirects-1.13.1.tgz",
            "integrity": "sha512-SSG5xmZh1mkPGyKzjZP8zLjltIfpW32Y5QpdNJyjcfGxK3qo3NDDkZOZSFiGn1A6SclQxY9GzEwAHQ3dmYRWpg==",
            "dev": true
        },
        "he": {
            "version": "0.5.0",
            "resolved": "https://registry.npmjs.org/he/-/he-0.5.0.tgz",
            "integrity": "sha1-LAX/rvkLaOhg8/0rVO9YCYknfuI=",
            "dev": true
        },
        "http-proxy": {
            "version": "1.18.1",
            "resolved": "https://registry.npmjs.org/http-proxy/-/http-proxy-1.18.1.tgz",
            "integrity": "sha512-7mz/721AbnJwIVbnaSv1Cz3Am0ZLT/UBwkC92VlxhXv/k/BBQfM2fXElQNC27BVGr0uwUpplYPQM9LnaBMR5NQ==",
            "dev": true,
            "requires": {
                "eventemitter3": "^4.0.0",
                "follow-redirects": "^1.0.0",
                "requires-port": "^1.0.0"
            }
        },
        "http-server": {
            "version": "0.8.0",
            "resolved": "https://registry.npmjs.org/http-server/-/http-server-0.8.0.tgz",
            "integrity": "sha1-1LZxeB7Gv5+moxHNHfaDsLN7FJE=",
            "dev": true,
            "requires": {
                "colors": "1.0.3",
                "corser": "~2.0.0",
                "ecstatic": "~0.7.0",
                "http-proxy": "^1.8.1",
                "opener": "~1.4.0",
                "optimist": "0.6.x",
                "portfinder": "0.4.x",
                "union": "~0.4.3"
            }
        },
        "iconv-lite": {
            "version": "0.6.2",
            "resolved": "https://registry.npmjs.org/iconv-lite/-/iconv-lite-0.6.2.tgz",
            "integrity": "sha512-2y91h5OpQlolefMPmUlivelittSWy0rP+oYVpn6A7GwVHNE8AWzoYOBNmlwks3LobaJxgHCYZAnyNo2GgpNRNQ==",
            "requires": {
                "safer-buffer": ">= 2.1.2 < 3.0.0"
            }
        },
        "is-stream": {
            "version": "1.1.0",
            "resolved": "https://registry.npmjs.org/is-stream/-/is-stream-1.1.0.tgz",
            "integrity": "sha1-EtSj3U5o4Lec6428hBc66A2RykQ="
        },
        "isomorphic-fetch": {
            "version": "2.2.1",
            "resolved": "https://registry.npmjs.org/isomorphic-fetch/-/isomorphic-fetch-2.2.1.tgz",
            "integrity": "sha1-YRrhrPFPXoH3KVB0coGf6XM1WKk=",
            "requires": {
                "node-fetch": "^1.0.1",
                "whatwg-fetch": ">=0.10.0"
            }
        },
        "jquery": {
            "version": "3.5.0",
            "resolved": "https://registry.npmjs.org/jquery/-/jquery-3.5.0.tgz",
            "integrity": "sha512-Xb7SVYMvygPxbFMpTFQiHh1J7HClEaThguL15N/Gg37Lri/qKyhRGZYzHRyLH8Stq3Aow0LsHO2O2ci86fCrNQ=="
        },
        "js-tokens": {
            "version": "4.0.0",
            "resolved": "https://registry.npmjs.org/js-tokens/-/js-tokens-4.0.0.tgz",
            "integrity": "sha512-RdJUflcE3cUzKiMqQgsCu06FPu9UdIJO0beYbPhHN4k6apgJtifcoCtT9bcxOpYBtpD2kCM6Sbzg4CausW/PKQ=="
        },
        "loose-envify": {
            "version": "1.4.0",
            "resolved": "https://registry.npmjs.org/loose-envify/-/loose-envify-1.4.0.tgz",
            "integrity": "sha512-lyuxPGr/Wfhrlem2CL/UcnUc1zcqKAImBDzukY7Y5F/yQiNdko6+fRLevlw1HgMySw7f611UIY408EtxRSoK3Q==",
            "requires": {
                "js-tokens": "^3.0.0 || ^4.0.0"
            }
        },
        "mime": {
            "version": "1.6.0",
            "resolved": "https://registry.npmjs.org/mime/-/mime-1.6.0.tgz",
            "integrity": "sha512-x0Vn8spI+wuJ1O6S7gnbaQg8Pxh4NNHb7KSINmEWKiPE4RKOplvijn+NkmYmmRgP68mc70j2EbeTFRsrswaQeg==",
            "dev": true
        },
        "minimist": {
            "version": "1.2.5",
            "resolved": "https://registry.npmjs.org/minimist/-/minimist-1.2.5.tgz",
            "integrity": "sha512-FM9nNUYrRBAELZQT3xeZQ7fmMOBg6nWNmJKTcgsJeaLstP/UODVpGsr5OhXhhXg6f+qtJ8uiZ+PUxkDWcgIXLw==",
            "dev": true
        },
        "mkdirp": {
            "version": "0.5.5",
            "resolved": "https://registry.npmjs.org/mkdirp/-/mkdirp-0.5.5.tgz",
            "integrity": "sha512-NKmAlESf6jMGym1++R0Ra7wvhV+wFW63FaSOFPwRahvea0gMUcGUhVeAg/0BC0wiv9ih5NYPB1Wn1UEI1/L+xQ==",
            "dev": true,
            "requires": {
                "minimist": "^1.2.5"
            }
        },
        "node-fetch": {
            "version": "1.7.3",
            "resolved": "https://registry.npmjs.org/node-fetch/-/node-fetch-1.7.3.tgz",
            "integrity": "sha512-NhZ4CsKx7cYm2vSrBAr2PvFOe6sWDf0UYLRqA6svUYg7+/TSfVAu49jYC4BvQ4Sms9SZgdqGBgroqfDhJdTyKQ==",
            "requires": {
                "encoding": "^0.1.11",
                "is-stream": "^1.0.1"
            }
        },
        "object-assign": {
            "version": "4.1.1",
            "resolved": "https://registry.npmjs.org/object-assign/-/object-assign-4.1.1.tgz",
            "integrity": "sha1-IQmtx5ZYh8/AXLvUQsrIv7s2CGM="
        },
        "opener": {
            "version": "1.4.3",
            "resolved": "https://registry.npmjs.org/opener/-/opener-1.4.3.tgz",
            "integrity": "sha1-XG2ixdflgx6P+jlklQ+NZnSskLg=",
            "dev": true
        },
        "optimist": {
            "version": "0.6.1",
            "resolved": "https://registry.npmjs.org/optimist/-/optimist-0.6.1.tgz",
            "integrity": "sha1-2j6nRob6IaGaERwybpDrFaAZZoY=",
            "dev": true,
            "requires": {
                "minimist": "~0.0.1",
                "wordwrap": "~0.0.2"
            },
            "dependencies": {
                "minimist": {
                    "version": "0.0.10",
                    "resolved": "https://registry.npmjs.org/minimist/-/minimist-0.0.10.tgz",
                    "integrity": "sha1-3j+YVD2/lggr5IrRoMfNqDYwHc8=",
                    "dev": true
                }
            }
        },
        "portfinder": {
            "version": "0.4.0",
            "resolved": "https://registry.npmjs.org/portfinder/-/portfinder-0.4.0.tgz",
            "integrity": "sha1-o/+t/6/k+5jgYBqF7aJ8J86Eyh4=",
            "dev": true,
            "requires": {
                "async": "0.9.0",
                "mkdirp": "0.5.x"
            }
        },
        "promise": {
            "version": "7.3.1",
            "resolved": "https://registry.npmjs.org/promise/-/promise-7.3.1.tgz",
            "integrity": "sha512-nolQXZ/4L+bP/UGlkfaIujX9BKxGwmQ9OT4mOt5yvy8iK1h3wqTEJCijzGANTCCl9nWjY41juyAn2K3Q1hLLTg==",
            "requires": {
                "asap": "~2.0.3"
            }
        },
        "prop-types": {
            "version": "15.7.2",
            "resolved": "https://registry.npmjs.org/prop-types/-/prop-types-15.7.2.tgz",
            "integrity": "sha512-8QQikdH7//R2vurIJSutZ1smHYTcLpRWEOlHnzcWHmBYrOGUysKwSsrC89BCiFj3CbrfJ/nXFdJepOVrY1GCHQ==",
            "requires": {
                "loose-envify": "^1.4.0",
                "object-assign": "^4.1.1",
                "react-is": "^16.8.1"
            }
        },
        "qs": {
            "version": "2.3.3",
            "resolved": "https://registry.npmjs.org/qs/-/qs-2.3.3.tgz",
            "integrity": "sha1-6eha2+ddoLvkyOBHaghikPhjtAQ=",
            "dev": true
        },
        "react": {
            "version": "15.7.0",
            "resolved": "https://registry.npmjs.org/react/-/react-15.7.0.tgz",
            "integrity": "sha512-5/MMRYmpmM0sMTHGLossnJCrmXQIiJilD6y3YN3TzAwGFj6zdnMtFv6xmi65PHKRV+pehIHpT7oy67Sr6s9AHA==",
            "requires": {
                "create-react-class": "^15.6.0",
                "fbjs": "^0.8.9",
                "loose-envify": "^1.1.0",
                "object-assign": "^4.1.0",
                "prop-types": "^15.5.10"
            }
        },
        "react-dom": {
            "version": "15.7.0",
            "resolved": "https://registry.npmjs.org/react-dom/-/react-dom-15.7.0.tgz",
            "integrity": "sha512-mpjXqC2t1FuYsILOLCj0kg6pbg460byZkVA/80VtDmKU/pYmoTdHOtaMcTRIDiyXLz4sIur0cQ04nOC6iGndJg==",
            "requires": {
                "fbjs": "^0.8.9",
                "loose-envify": "^1.1.0",
                "object-assign": "^4.1.0",
                "prop-types": "^15.5.10"
            }
        },
        "react-is": {
            "version": "16.13.1",
            "resolved": "https://registry.npmjs.org/react-is/-/react-is-16.13.1.tgz",
            "integrity": "sha512-24e6ynE2H+OKt4kqsOvNd8kBpV65zoxbA4BVsEOB3ARVWQki/DHzaUoC5KuON/BiccDaCCTZBuOcfZs70kR8bQ=="
        },
        "requirejs": {
            "version": "2.3.6",
            "resolved": "https://registry.npmjs.org/requirejs/-/requirejs-2.3.6.tgz",
            "integrity": "sha512-ipEzlWQe6RK3jkzikgCupiTbTvm4S0/CAU5GlgptkN5SO6F3u0UD0K18wy6ErDqiCyP4J4YYe1HuAShvsxePLg=="
        },
        "requires-port": {
            "version": "1.0.0",
            "resolved": "https://registry.npmjs.org/requires-port/-/requires-port-1.0.0.tgz",
            "integrity": "sha1-kl0mAdOaxIXgkc8NpcbmlNw9yv8=",
            "dev": true
        },
        "safer-buffer": {
            "version": "2.1.2",
            "resolved": "https://registry.npmjs.org/safer-buffer/-/safer-buffer-2.1.2.tgz",
            "integrity": "sha512-YZo3K82SD7Riyi0E1EQPojLz7kpepnSQI9IyPbHHg1XXXevb5dJI7tpyN2ADxGcQbHG7vcyRHk0cbwqcQriUtg=="
        },
        "setimmediate": {
            "version": "1.0.5",
            "resolved": "https://registry.npmjs.org/setimmediate/-/setimmediate-1.0.5.tgz",
            "integrity": "sha1-KQy7Iy4waULX1+qbg3Mqt4VvgoU="
        },
        "typescript": {
            "version": "4.1.3",
            "resolved": "https://registry.npmjs.org/typescript/-/typescript-4.1.3.tgz",
            "integrity": "sha512-B3ZIOf1IKeH2ixgHhj6la6xdwR9QrLC5d1VKeCSY4tvkqhF2eqd9O7txNlS0PO3GrBAFIdr3L1ndNwteUbZLYg==",
            "dev": true
        },
        "ua-parser-js": {
            "version": "0.7.23",
            "resolved": "https://registry.npmjs.org/ua-parser-js/-/ua-parser-js-0.7.23.tgz",
            "integrity": "sha512-m4hvMLxgGHXG3O3fQVAyyAQpZzDOvwnhOTjYz5Xmr7r/+LpkNy3vJXdVRWgd1TkAb7NGROZuSy96CrlNVjA7KA=="
        },
        "union": {
            "version": "0.4.6",
            "resolved": "https://registry.npmjs.org/union/-/union-0.4.6.tgz",
            "integrity": "sha1-GY+9rrolTniLDvy2MLwR8kopWeA=",
            "dev": true,
            "requires": {
                "qs": "~2.3.3"
            }
        },
        "url-join": {
            "version": "0.0.1",
            "resolved": "https://registry.npmjs.org/url-join/-/url-join-0.0.1.tgz",
            "integrity": "sha1-HbSK1CLTQCRpqH99l73r/k+x48g=",
            "dev": true
        },
        "whatwg-fetch": {
            "version": "3.5.0",
            "resolved": "https://registry.npmjs.org/whatwg-fetch/-/whatwg-fetch-3.5.0.tgz",
            "integrity": "sha512-jXkLtsR42xhXg7akoDKvKWE40eJeI+2KZqcp2h3NsOrRnDvtWX36KcKl30dy+hxECivdk2BVUHVNrPtoMBUx6A=="
        },
        "wordwrap": {
            "version": "0.0.3",
            "resolved": "https://registry.npmjs.org/wordwrap/-/wordwrap-0.0.3.tgz",
            "integrity": "sha1-o9XabNXAvAAI03I0u68b7WMFkQc=",
            "dev": true
        }
    }
}
